// !$*UTF8*$!
{
	archiveVersion = 1;
	classes = {
	};
	objectVersion = 50;
	objects = {

/* Begin PBXBuildFile section */
		795EB569210F51B000A7270D /* AppDelegate.swift in Sources */ = {isa = PBXBuildFile; fileRef = 795EB568210F51B000A7270D /* AppDelegate.swift */; };
		795EB56B210F51B000A7270D /* SwipeViewController.swift in Sources */ = {isa = PBXBuildFile; fileRef = 795EB56A210F51B000A7270D /* SwipeViewController.swift */; };
		795EB56E210F51B000A7270D /* Main.storyboard in Resources */ = {isa = PBXBuildFile; fileRef = 795EB56C210F51B000A7270D /* Main.storyboard */; };
		795EB570210F51B300A7270D /* Assets.xcassets in Resources */ = {isa = PBXBuildFile; fileRef = 795EB56F210F51B300A7270D /* Assets.xcassets */; };
		795EB573210F51B300A7270D /* LaunchScreen.storyboard in Resources */ = {isa = PBXBuildFile; fileRef = 795EB571210F51B300A7270D /* LaunchScreen.storyboard */; };
		795EB57B2110B4D100A7270D /* LoginViewController.swift in Sources */ = {isa = PBXBuildFile; fileRef = 795EB57A2110B4D100A7270D /* LoginViewController.swift */; };
		795EB57D2111A82200A7270D /* Switcher.swift in Sources */ = {isa = PBXBuildFile; fileRef = 795EB57C2111A82200A7270D /* Switcher.swift */; };
		7974C2232111EE1700C6DECE /* NavigationViewController.swift in Sources */ = {isa = PBXBuildFile; fileRef = 7974C2222111EE1700C6DECE /* NavigationViewController.swift */; };
		799102FF2119771C003AE709 /* ChangeShowViewController.swift in Sources */ = {isa = PBXBuildFile; fileRef = 799102FE2119771C003AE709 /* ChangeShowViewController.swift */; };
		7991030121197946003AE709 /* HttpRequest.swift in Sources */ = {isa = PBXBuildFile; fileRef = 7991030021197946003AE709 /* HttpRequest.swift */; };
/* End PBXBuildFile section */

/* Begin PBXFileReference section */
		795EB565210F51B000A7270D /* fyns.app */ = {isa = PBXFileReference; explicitFileType = wrapper.application; includeInIndex = 0; path = fyns.app; sourceTree = BUILT_PRODUCTS_DIR; };
		795EB568210F51B000A7270D /* AppDelegate.swift */ = {isa = PBXFileReference; lastKnownFileType = sourcecode.swift; path = AppDelegate.swift; sourceTree = "<group>"; };
		795EB56A210F51B000A7270D /* SwipeViewController.swift */ = {isa = PBXFileReference; lastKnownFileType = sourcecode.swift; path = SwipeViewController.swift; sourceTree = "<group>"; };
		795EB56D210F51B000A7270D /* Base */ = {isa = PBXFileReference; lastKnownFileType = file.storyboard; name = Base; path = Base.lproj/Main.storyboard; sourceTree = "<group>"; };
		795EB56F210F51B300A7270D /* Assets.xcassets */ = {isa = PBXFileReference; lastKnownFileType = folder.assetcatalog; path = Assets.xcassets; sourceTree = "<group>"; };
		795EB572210F51B300A7270D /* Base */ = {isa = PBXFileReference; lastKnownFileType = file.storyboard; name = Base; path = Base.lproj/LaunchScreen.storyboard; sourceTree = "<group>"; };
		795EB574210F51B300A7270D /* Info.plist */ = {isa = PBXFileReference; lastKnownFileType = text.plist.xml; path = Info.plist; sourceTree = "<group>"; };
		795EB57A2110B4D100A7270D /* LoginViewController.swift */ = {isa = PBXFileReference; lastKnownFileType = sourcecode.swift; path = LoginViewController.swift; sourceTree = "<group>"; };
		795EB57C2111A82200A7270D /* Switcher.swift */ = {isa = PBXFileReference; lastKnownFileType = sourcecode.swift; path = Switcher.swift; sourceTree = "<group>"; };
		7974C2222111EE1700C6DECE /* NavigationViewController.swift */ = {isa = PBXFileReference; lastKnownFileType = sourcecode.swift; path = NavigationViewController.swift; sourceTree = "<group>"; };
		799102FD21182606003AE709 /* ConfigLocal.xcconfig */ = {isa = PBXFileReference; lastKnownFileType = text.xcconfig; path = ConfigLocal.xcconfig; sourceTree = "<group>"; };
		799102FE2119771C003AE709 /* ChangeShowViewController.swift */ = {isa = PBXFileReference; lastKnownFileType = sourcecode.swift; path = ChangeShowViewController.swift; sourceTree = "<group>"; };
		7991030021197946003AE709 /* HttpRequest.swift */ = {isa = PBXFileReference; lastKnownFileType = sourcecode.swift; path = HttpRequest.swift; sourceTree = "<group>"; };
/* End PBXFileReference section */

/* Begin PBXFrameworksBuildPhase section */
		795EB562210F51B000A7270D /* Frameworks */ = {
			isa = PBXFrameworksBuildPhase;
			buildActionMask = 2147483647;
			files = (
			);
			runOnlyForDeploymentPostprocessing = 0;
		};
/* End PBXFrameworksBuildPhase section */

/* Begin PBXGroup section */
		795EB55C210F51B000A7270D = {
			isa = PBXGroup;
			children = (
				795EB567210F51B000A7270D /* fyns */,
				795EB566210F51B000A7270D /* Products */,
			);
			sourceTree = "<group>";
		};
		795EB566210F51B000A7270D /* Products */ = {
			isa = PBXGroup;
			children = (
				795EB565210F51B000A7270D /* fyns.app */,
			);
			name = Products;
			sourceTree = "<group>";
		};
		795EB567210F51B000A7270D /* fyns */ = {
			isa = PBXGroup;
			children = (
				7974C2222111EE1700C6DECE /* NavigationViewController.swift */,
				795EB57C2111A82200A7270D /* Switcher.swift */,
				795EB568210F51B000A7270D /* AppDelegate.swift */,
				795EB57A2110B4D100A7270D /* LoginViewController.swift */,
				795EB56A210F51B000A7270D /* SwipeViewController.swift */,
				799102FE2119771C003AE709 /* ChangeShowViewController.swift */,
				795EB56C210F51B000A7270D /* Main.storyboard */,
				795EB56F210F51B300A7270D /* Assets.xcassets */,
				795EB571210F51B300A7270D /* LaunchScreen.storyboard */,
				795EB574210F51B300A7270D /* Info.plist */,
				799102FD21182606003AE709 /* ConfigLocal.xcconfig */,
				7991030021197946003AE709 /* HttpRequest.swift */,
			);
			path = fyns;
			sourceTree = "<group>";
		};
/* End PBXGroup section */

/* Begin PBXNativeTarget section */
		795EB564210F51B000A7270D /* fyns */ = {
			isa = PBXNativeTarget;
			buildConfigurationList = 795EB577210F51B300A7270D /* Build configuration list for PBXNativeTarget "fyns" */;
			buildPhases = (
				795EB561210F51B000A7270D /* Sources */,
				795EB562210F51B000A7270D /* Frameworks */,
				795EB563210F51B000A7270D /* Resources */,
			);
			buildRules = (
			);
			dependencies = (
			);
			name = fyns;
			productName = fyns;
			productReference = 795EB565210F51B000A7270D /* fyns.app */;
			productType = "com.apple.product-type.application";
		};
/* End PBXNativeTarget section */

/* Begin PBXProject section */
		795EB55D210F51B000A7270D /* Project object */ = {
			isa = PBXProject;
			attributes = {
				LastSwiftUpdateCheck = 0940;
				LastUpgradeCheck = 0940;
				ORGANIZATIONNAME = "Eric de La Varende";
				TargetAttributes = {
					795EB564210F51B000A7270D = {
						CreatedOnToolsVersion = 9.4.1;
					};
				};
			};
			buildConfigurationList = 795EB560210F51B000A7270D /* Build configuration list for PBXProject "fyns" */;
			compatibilityVersion = "Xcode 9.3";
			developmentRegion = en;
			hasScannedForEncodings = 0;
			knownRegions = (
				en,
				Base,
			);
			mainGroup = 795EB55C210F51B000A7270D;
			productRefGroup = 795EB566210F51B000A7270D /* Products */;
			projectDirPath = "";
			projectRoot = "";
			targets = (
				795EB564210F51B000A7270D /* fyns */,
			);
		};
/* End PBXProject section */

/* Begin PBXResourcesBuildPhase section */
		795EB563210F51B000A7270D /* Resources */ = {
			isa = PBXResourcesBuildPhase;
			buildActionMask = 2147483647;
			files = (
				795EB573210F51B300A7270D /* LaunchScreen.storyboard in Resources */,
				795EB570210F51B300A7270D /* Assets.xcassets in Resources */,
				795EB56E210F51B000A7270D /* Main.storyboard in Resources */,
			);
			runOnlyForDeploymentPostprocessing = 0;
		};
/* End PBXResourcesBuildPhase section */

/* Begin PBXSourcesBuildPhase section */
		795EB561210F51B000A7270D /* Sources */ = {
			isa = PBXSourcesBuildPhase;
			buildActionMask = 2147483647;
			files = (
				795EB57B2110B4D100A7270D /* LoginViewController.swift in Sources */,
				799102FF2119771C003AE709 /* ChangeShowViewController.swift in Sources */,
				795EB56B210F51B000A7270D /* SwipeViewController.swift in Sources */,
				795EB57D2111A82200A7270D /* Switcher.swift in Sources */,
				7974C2232111EE1700C6DECE /* NavigationViewController.swift in Sources */,
				7991030121197946003AE709 /* HttpRequest.swift in Sources */,
				795EB569210F51B000A7270D /* AppDelegate.swift in Sources */,
			);
			runOnlyForDeploymentPostprocessing = 0;
		};
/* End PBXSourcesBuildPhase section */

/* Begin PBXVariantGroup section */
		795EB56C210F51B000A7270D /* Main.storyboard */ = {
			isa = PBXVariantGroup;
			children = (
				795EB56D210F51B000A7270D /* Base */,
			);
			name = Main.storyboard;
			sourceTree = "<group>";
		};
		795EB571210F51B300A7270D /* LaunchScreen.storyboard */ = {
			isa = PBXVariantGroup;
			children = (
				795EB572210F51B300A7270D /* Base */,
			);
			name = LaunchScreen.storyboard;
			sourceTree = "<group>";
		};
/* End PBXVariantGroup section */

/* Begin XCBuildConfiguration section */
		795EB575210F51B300A7270D /* Debug */ = {
			isa = XCBuildConfiguration;
			buildSettings = {
				ALWAYS_SEARCH_USER_PATHS = NO;
				CLANG_ANALYZER_NONNULL = YES;
				CLANG_ANALYZER_NUMBER_OBJECT_CONVERSION = YES_AGGRESSIVE;
				CLANG_CXX_LANGUAGE_STANDARD = "gnu++14";
				CLANG_CXX_LIBRARY = "libc++";
				CLANG_ENABLE_MODULES = YES;
				CLANG_ENABLE_OBJC_ARC = YES;
				CLANG_ENABLE_OBJC_WEAK = YES;
				CLANG_WARN_BLOCK_CAPTURE_AUTORELEASING = YES;
				CLANG_WARN_BOOL_CONVERSION = YES;
				CLANG_WARN_COMMA = YES;
				CLANG_WARN_CONSTANT_CONVERSION = YES;
				CLANG_WARN_DEPRECATED_OBJC_IMPLEMENTATIONS = YES;
				CLANG_WARN_DIRECT_OBJC_ISA_USAGE = YES_ERROR;
				CLANG_WARN_DOCUMENTATION_COMMENTS = YES;
				CLANG_WARN_EMPTY_BODY = YES;
				CLANG_WARN_ENUM_CONVERSION = YES;
				CLANG_WARN_INFINITE_RECURSION = YES;
				CLANG_WARN_INT_CONVERSION = YES;
				CLANG_WARN_NON_LITERAL_NULL_CONVERSION = YES;
				CLANG_WARN_OBJC_IMPLICIT_RETAIN_SELF = YES;
				CLANG_WARN_OBJC_LITERAL_CONVERSION = YES;
				CLANG_WARN_OBJC_ROOT_CLASS = YES_ERROR;
				CLANG_WARN_RANGE_LOOP_ANALYSIS = YES;
				CLANG_WARN_STRICT_PROTOTYPES = YES;
				CLANG_WARN_SUSPICIOUS_MOVE = YES;
				CLANG_WARN_UNGUARDED_AVAILABILITY = YES_AGGRESSIVE;
				CLANG_WARN_UNREACHABLE_CODE = YES;
				CLANG_WARN__DUPLICATE_METHOD_MATCH = YES;
				CODE_SIGN_IDENTITY = "iPhone Developer";
				COPY_PHASE_STRIP = NO;
				DEBUG_INFORMATION_FORMAT = dwarf;
				ENABLE_STRICT_OBJC_MSGSEND = YES;
				ENABLE_TESTABILITY = YES;
				GCC_C_LANGUAGE_STANDARD = gnu11;
				GCC_DYNAMIC_NO_PIC = NO;
				GCC_NO_COMMON_BLOCKS = YES;
				GCC_OPTIMIZATION_LEVEL = 0;
				GCC_PREPROCESSOR_DEFINITIONS = (
					"DEBUG=1",
					"$(inherited)",
				);
				GCC_WARN_64_TO_32_BIT_CONVERSION = YES;
				GCC_WARN_ABOUT_RETURN_TYPE = YES_ERROR;
				GCC_WARN_UNDECLARED_SELECTOR = YES;
				GCC_WARN_UNINITIALIZED_AUTOS = YES_AGGRESSIVE;
				GCC_WARN_UNUSED_FUNCTION = YES;
				GCC_WARN_UNUSED_VARIABLE = YES;
				IPHONEOS_DEPLOYMENT_TARGET = 11.4;
				MTL_ENABLE_DEBUG_INFO = YES;
				ONLY_ACTIVE_ARCH = YES;
				SDKROOT = iphoneos;
				SWIFT_ACTIVE_COMPILATION_CONDITIONS = DEBUG;
				SWIFT_OPTIMIZATION_LEVEL = "-Onone";
			};
			name = Debug;
		};
		795EB576210F51B300A7270D /* Release */ = {
			isa = XCBuildConfiguration;
			buildSettings = {
				ALWAYS_SEARCH_USER_PATHS = NO;
				CLANG_ANALYZER_NONNULL = YES;
				CLANG_ANALYZER_NUMBER_OBJECT_CONVERSION = YES_AGGRESSIVE;
				CLANG_CXX_LANGUAGE_STANDARD = "gnu++14";
				CLANG_CXX_LIBRARY = "libc++";
				CLANG_ENABLE_MODULES = YES;
				CLANG_ENABLE_OBJC_ARC = YES;
				CLANG_ENABLE_OBJC_WEAK = YES;
				CLANG_WARN_BLOCK_CAPTURE_AUTORELEASING = YES;
				CLANG_WARN_BOOL_CONVERSION = YES;
				CLANG_WARN_COMMA = YES;
				CLANG_WARN_CONSTANT_CONVERSION = YES;
				CLANG_WARN_DEPRECATED_OBJC_IMPLEMENTATIONS = YES;
				CLANG_WARN_DIRECT_OBJC_ISA_USAGE = YES_ERROR;
				CLANG_WARN_DOCUMENTATION_COMMENTS = YES;
				CLANG_WARN_EMPTY_BODY = YES;
				CLANG_WARN_ENUM_CONVERSION = YES;
				CLANG_WARN_INFINITE_RECURSION = YES;
				CLANG_WARN_INT_CONVERSION = YES;
				CLANG_WARN_NON_LITERAL_NULL_CONVERSION = YES;
				CLANG_WARN_OBJC_IMPLICIT_RETAIN_SELF = YES;
				CLANG_WARN_OBJC_LITERAL_CONVERSION = YES;
				CLANG_WARN_OBJC_ROOT_CLASS = YES_ERROR;
				CLANG_WARN_RANGE_LOOP_ANALYSIS = YES;
				CLANG_WARN_STRICT_PROTOTYPES = YES;
				CLANG_WARN_SUSPICIOUS_MOVE = YES;
				CLANG_WARN_UNGUARDED_AVAILABILITY = YES_AGGRESSIVE;
				CLANG_WARN_UNREACHABLE_CODE = YES;
				CLANG_WARN__DUPLICATE_METHOD_MATCH = YES;
				CODE_SIGN_IDENTITY = "iPhone Developer";
				COPY_PHASE_STRIP = NO;
				DEBUG_INFORMATION_FORMAT = "dwarf-with-dsym";
				ENABLE_NS_ASSERTIONS = NO;
				ENABLE_STRICT_OBJC_MSGSEND = YES;
				GCC_C_LANGUAGE_STANDARD = gnu11;
				GCC_NO_COMMON_BLOCKS = YES;
				GCC_WARN_64_TO_32_BIT_CONVERSION = YES;
				GCC_WARN_ABOUT_RETURN_TYPE = YES_ERROR;
				GCC_WARN_UNDECLARED_SELECTOR = YES;
				GCC_WARN_UNINITIALIZED_AUTOS = YES_AGGRESSIVE;
				GCC_WARN_UNUSED_FUNCTION = YES;
				GCC_WARN_UNUSED_VARIABLE = YES;
				IPHONEOS_DEPLOYMENT_TARGET = 11.4;
				MTL_ENABLE_DEBUG_INFO = NO;
				SDKROOT = iphoneos;
				SWIFT_COMPILATION_MODE = wholemodule;
				SWIFT_OPTIMIZATION_LEVEL = "-O";
				VALIDATE_PRODUCT = YES;
			};
			name = Release;
		};
		795EB578210F51B300A7270D /* Debug */ = {
			isa = XCBuildConfiguration;
			buildSettings = {
				ASSETCATALOG_COMPILER_APPICON_NAME = AppIcon;
				CODE_SIGN_STYLE = Automatic;
				DEVELOPMENT_TEAM = J44LN99426;
				INFOPLIST_FILE = fyns/Info.plist;
				LD_RUNPATH_SEARCH_PATHS = (
					"$(inherited)",
					"@executable_path/Frameworks",
				);
				PRODUCT_BUNDLE_IDENTIFIER = com.ricodelavega.fyns;
				PRODUCT_NAME = "$(TARGET_NAME)";
				SWIFT_VERSION = 4.0;
				TARGETED_DEVICE_FAMILY = "1,2";
			};
			name = Debug;
		};
		795EB579210F51B300A7270D /* Release */ = {
			isa = XCBuildConfiguration;
			buildSettings = {
				ASSETCATALOG_COMPILER_APPICON_NAME = AppIcon;
				CODE_SIGN_STYLE = Automatic;
				DEVELOPMENT_TEAM = J44LN99426;
				INFOPLIST_FILE = fyns/Info.plist;
				LD_RUNPATH_SEARCH_PATHS = (
					"$(inherited)",
					"@executable_path/Frameworks",
				);
				PRODUCT_BUNDLE_IDENTIFIER = com.ricodelavega.fyns;
				PRODUCT_NAME = "$(TARGET_NAME)";
				SWIFT_VERSION = 4.0;
				TARGETED_DEVICE_FAMILY = "1,2";
			};
			name = Release;
		};
		799102FB2118259E003AE709 /* Localhost */ = {
			isa = XCBuildConfiguration;
			baseConfigurationReference = 799102FD21182606003AE709 /* ConfigLocal.xcconfig */;
			buildSettings = {
				ALWAYS_SEARCH_USER_PATHS = NO;
				CLANG_ANALYZER_NONNULL = YES;
				CLANG_ANALYZER_NUMBER_OBJECT_CONVERSION = YES_AGGRESSIVE;
				CLANG_CXX_LANGUAGE_STANDARD = "gnu++14";
				CLANG_CXX_LIBRARY = "libc++";
				CLANG_ENABLE_MODULES = YES;
				CLANG_ENABLE_OBJC_ARC = YES;
				CLANG_ENABLE_OBJC_WEAK = YES;
				CLANG_WARN_BLOCK_CAPTURE_AUTORELEASING = YES;
				CLANG_WARN_BOOL_CONVERSION = YES;
				CLANG_WARN_COMMA = YES;
				CLANG_WARN_CONSTANT_CONVERSION = YES;
				CLANG_WARN_DEPRECATED_OBJC_IMPLEMENTATIONS = YES;
				CLANG_WARN_DIRECT_OBJC_ISA_USAGE = YES_ERROR;
				CLANG_WARN_DOCUMENTATION_COMMENTS = YES;
				CLANG_WARN_EMPTY_BODY = YES;
				CLANG_WARN_ENUM_CONVERSION = YES;
				CLANG_WARN_INFINITE_RECURSION = YES;
				CLANG_WARN_INT_CONVERSION = YES;
				CLANG_WARN_NON_LITERAL_NULL_CONVERSION = YES;
				CLANG_WARN_OBJC_IMPLICIT_RETAIN_SELF = YES;
				CLANG_WARN_OBJC_LITERAL_CONVERSION = YES;
				CLANG_WARN_OBJC_ROOT_CLASS = YES_ERROR;
				CLANG_WARN_RANGE_LOOP_ANALYSIS = YES;
				CLANG_WARN_STRICT_PROTOTYPES = YES;
				CLANG_WARN_SUSPICIOUS_MOVE = YES;
				CLANG_WARN_UNGUARDED_AVAILABILITY = YES_AGGRESSIVE;
				CLANG_WARN_UNREACHABLE_CODE = YES;
				CLANG_WARN__DUPLICATE_METHOD_MATCH = YES;
				CODE_SIGN_IDENTITY = "iPhone Developer";
				COPY_PHASE_STRIP = NO;
				DEBUG_INFORMATION_FORMAT = dwarf;
				ENABLE_STRICT_OBJC_MSGSEND = YES;
				ENABLE_TESTABILITY = YES;
				GCC_C_LANGUAGE_STANDARD = gnu11;
				GCC_DYNAMIC_NO_PIC = NO;
				GCC_NO_COMMON_BLOCKS = YES;
				GCC_OPTIMIZATION_LEVEL = 0;
				GCC_PREPROCESSOR_DEFINITIONS = (
					"DEBUG=1",
					"$(inherited)",
				);
				GCC_WARN_64_TO_32_BIT_CONVERSION = YES;
				GCC_WARN_ABOUT_RETURN_TYPE = YES_ERROR;
				GCC_WARN_UNDECLARED_SELECTOR = YES;
				GCC_WARN_UNINITIALIZED_AUTOS = YES_AGGRESSIVE;
				GCC_WARN_UNUSED_FUNCTION = YES;
				GCC_WARN_UNUSED_VARIABLE = YES;
				IPHONEOS_DEPLOYMENT_TARGET = 11.4;
				MTL_ENABLE_DEBUG_INFO = YES;
				ONLY_ACTIVE_ARCH = YES;
				SDKROOT = iphoneos;
				SWIFT_ACTIVE_COMPILATION_CONDITIONS = DEBUG;
				SWIFT_OPTIMIZATION_LEVEL = "-Onone";
			};
			name = Localhost;
		};
		799102FC2118259E003AE709 /* Localhost */ = {
			isa = XCBuildConfiguration;
			buildSettings = {
				ASSETCATALOG_COMPILER_APPICON_NAME = AppIcon;
				CODE_SIGN_STYLE = Automatic;
				DEVELOPMENT_TEAM = J44LN99426;
				INFOPLIST_FILE = fyns/Info.plist;
				LD_RUNPATH_SEARCH_PATHS = (
					"$(inherited)",
					"@executable_path/Frameworks",
				);
				PRODUCT_BUNDLE_IDENTIFIER = com.ricodelavega.fyns;
				PRODUCT_NAME = "$(TARGET_NAME)";
				SWIFT_VERSION = 4.0;
				TARGETED_DEVICE_FAMILY = "1,2";
			};
			name = Localhost;
		};
/* End XCBuildConfiguration section */

/* Begin XCConfigurationList section */
		795EB560210F51B000A7270D /* Build configuration list for PBXProject "fyns" */ = {
			isa = XCConfigurationList;
			buildConfigurations = (
				795EB575210F51B300A7270D /* Debug */,
				799102FB2118259E003AE709 /* Localhost */,
				795EB576210F51B300A7270D /* Release */,
			);
			defaultConfigurationIsVisible = 0;
			defaultConfigurationName = Release;
		};
		795EB577210F51B300A7270D /* Build configuration list for PBXNativeTarget "fyns" */ = {
			isa = XCConfigurationList;
			buildConfigurations = (
				795EB578210F51B300A7270D /* Debug */,
				799102FC2118259E003AE709 /* Localhost */,
				795EB579210F51B300A7270D /* Release */,
			);
			defaultConfigurationIsVisible = 0;
			defaultConfigurationName = Release;
		};
/* End XCConfigurationList section */
	};
	rootObject = 795EB55D210F51B000A7270D /* Project object */;
}
